{
  "nodes": {
    "anisette-v3-server": {
      "flake": false,
      "locked": {
        "lastModified": 1744585894,
        "narHash": "sha256-Dy49ahKBFqRVZL5CC8Z1fkAEQMDNPmLhIsWaKV6PTyY=",
        "owner": "Dadoum",
        "repo": "anisette-v3-server",
        "rev": "e0d527b6547297b8e568d93e1bc443dac007bdfc",
        "type": "github"
      },
      "original": {
        "owner": "Dadoum",
        "repo": "anisette-v3-server",
        "type": "github"
      }
    },
    "nixpkgs": {
      "locked": {
        "lastModified": 1758029226,
        "narHash": "sha256-TjqVmbpoCqWywY9xIZLTf6ANFvDCXdctCjoYuYPYdMI=",
        "owner": "nixos",
        "repo": "nixpkgs",
        "rev": "08b8f92ac6354983f5382124fef6006cade4a1c1",
        "type": "github"
      },
      "original": {
        "owner": "nixos",
        "ref": "nixpkgs-unstable",
        "repo": "nixpkgs",
        "type": "github"
      }
    },
    "root": {
      "inputs": {
        "anisette-v3-server": "anisette-v3-server",
        "nixpkgs": "nixpkgs"
      }
    }
  },
  "root": "root",
  "version": 7
}
